
Microsoft Visual Studio Solution File, Format Version 11.00
# Visual Studio 2010
Project("{FAE04EC0-301F-11D3-BF4B-00C04F79EFBC}") = "Demo_tcpip_csharp", "Demo_tcpip_csharp\Demo_tcpip_csharp.csproj", "{33D3A748-2F83-4BA4-B3A8-6533CA31E29B}"
EndProject
Global
	GlobalSection(SolutionConfigurationPlatforms) = preSolution
		Debug|x86 = Debug|x86
		Release|x86 = Release|x86
	EndGlobalSection
	GlobalSection(ProjectConfigurationPlatforms) = postSolution
		{33D3A748-2F83-4BA4-B3A8-6533CA31E29B}.Debug|x86.ActiveCfg = Debug|x86
		{33D3A748-2F83-4BA4-B3A8-6533CA31E29B}.Debug|x86.Build.0 = Debug|x86
		{33D3A748-2F83-4BA4-B3A8-6533CA31E29B}.Release|x86.ActiveCfg = Release|x86
		{33D3A748-2F83-4BA4-B3A8-6533CA31E29B}.Release|x86.Build.0 = Release|x86
	EndGlobalSection
	GlobalSection(SolutionProperties) = preSolution
		HideSolutionNode = FALSE
	EndGlobalSection
EndGlobal
